
Microsoft Visual Studio Solution File, Format Version 12.00
# Visual Studio Version 17
VisualStudioVersion = 17.5.33627.172
MinimumVisualStudioVersion = 10.0.40219.1
Project("{FAE04EC0-301F-11D3-BF4B-00C04F79EFBC}") = "Unidad1Programa3", "Unidad1Programa3\Unidad1Programa3.csproj", "{DD221493-7E9E-4312-B110-D171D783F81E}"
EndProject
Global
	GlobalSection(SolutionConfigurationPlatforms) = preSolution
		Debug|Any CPU = Debug|Any CPU
		Release|Any CPU = Release|Any CPU
	EndGlobalSection
	GlobalSection(ProjectConfigurationPlatforms) = postSolution
		{DD221493-7E9E-4312-B110-D171D783F81E}.Debug|Any CPU.ActiveCfg = Debug|Any CPU
		{DD221493-7E9E-4312-B110-D171D783F81E}.Debug|Any CPU.Build.0 = Debug|Any CPU
		{DD221493-7E9E-4312-B110-D171D783F81E}.Release|Any CPU.ActiveCfg = Release|Any CPU
		{DD221493-7E9E-4312-B110-D171D783F81E}.Release|Any CPU.Build.0 = Release|Any CPU
	EndGlobalSection
	GlobalSection(SolutionProperties) = preSolution
		HideSolutionNode = FALSE
	EndGlobalSection
	GlobalSection(ExtensibilityGlobals) = postSolution
		SolutionGuid = {654696DC-E8BC-404A-9C22-8A4AE10849EA}
	EndGlobalSection
EndGlobal
